
Microsoft Visual Studio Solution File, Format Version 12.00
# Visual Studio Version 16
VisualStudioVersion = 16.0.30717.126
MinimumVisualStudioVersion = 10.0.40219.1
Project("{FAE04EC0-301F-11D3-BF4B-00C04F79EFBC}") = "asdfg_v2", "asdfg_v2.csproj", "{3BBC7F89-A3B9-4D26-A837-8326772F95C4}"
EndProject
Global
	GlobalSection(SolutionConfigurationPlatforms) = preSolution
		Debug|Any CPU = Debug|Any CPU
		Release|Any CPU = Release|Any CPU
	EndGlobalSection
	GlobalSection(ProjectConfigurationPlatforms) = postSolution
		{3BBC7F89-A3B9-4D26-A837-8326772F95C4}.Debug|Any CPU.ActiveCfg = Debug|Any CPU
		{3BBC7F89-A3B9-4D26-A837-8326772F95C4}.Debug|Any CPU.Build.0 = Debug|Any CPU
		{3BBC7F89-A3B9-4D26-A837-8326772F95C4}.Release|Any CPU.ActiveCfg = Release|Any CPU
		{3BBC7F89-A3B9-4D26-A837-8326772F95C4}.Release|Any CPU.Build.0 = Release|Any CPU
	EndGlobalSection
	GlobalSection(SolutionProperties) = preSolution
		HideSolutionNode = FALSE
	EndGlobalSection
	GlobalSection(ExtensibilityGlobals) = postSolution
		SolutionGuid = {509F0BA6-0F01-4A1D-9E7E-49E1D67848F0}
	EndGlobalSection
EndGlobal
